
Microsoft Visual Studio Solution File, Format Version 12.00
# Visual Studio Version 16
VisualStudioVersion = 16.0.30804.86
MinimumVisualStudioVersion = 10.0.40219.1
Project("{FAE04EC0-301F-11D3-BF4B-00C04F79EFBC}") = "DesignPatterns", "DesignPatterns\DesignPatterns.csproj", "{A574E61B-7843-47A9-9B6A-434D958AF5CA}"
EndProject
Global
	GlobalSection(SolutionConfigurationPlatforms) = preSolution
		Debug|Any CPU = Debug|Any CPU
		Release|Any CPU = Release|Any CPU
	EndGlobalSection
	GlobalSection(ProjectConfigurationPlatforms) = postSolution
		{A574E61B-7843-47A9-9B6A-434D958AF5CA}.Debug|Any CPU.ActiveCfg = Debug|Any CPU
		{A574E61B-7843-47A9-9B6A-434D958AF5CA}.Debug|Any CPU.Build.0 = Debug|Any CPU
		{A574E61B-7843-47A9-9B6A-434D958AF5CA}.Release|Any CPU.ActiveCfg = Release|Any CPU
		{A574E61B-7843-47A9-9B6A-434D958AF5CA}.Release|Any CPU.Build.0 = Release|Any CPU
	EndGlobalSection
	GlobalSection(SolutionProperties) = preSolution
		HideSolutionNode = FALSE
	EndGlobalSection
	GlobalSection(ExtensibilityGlobals) = postSolution
		SolutionGuid = {D3AFF4C5-EFF9-4808-ABF6-598B189636FA}
	EndGlobalSection
EndGlobal
